
Microsoft Visual Studio Solution File, Format Version 12.00
# Visual Studio Version 16
VisualStudioVersion = 16.0.29318.209
MinimumVisualStudioVersion = 10.0.40219.1
Project("{FAE04EC0-301F-11D3-BF4B-00C04F79EFBC}") = "TrashCollectorProject", "TrashCollectorProject\TrashCollectorProject.csproj", "{426B3D0C-6FFD-4E4A-8ADD-E7C441F28B19}"
EndProject
Global
	GlobalSection(SolutionConfigurationPlatforms) = preSolution
		Debug|Any CPU = Debug|Any CPU
		Release|Any CPU = Release|Any CPU
	EndGlobalSection
	GlobalSection(ProjectConfigurationPlatforms) = postSolution
		{426B3D0C-6FFD-4E4A-8ADD-E7C441F28B19}.Debug|Any CPU.ActiveCfg = Debug|Any CPU
		{426B3D0C-6FFD-4E4A-8ADD-E7C441F28B19}.Debug|Any CPU.Build.0 = Debug|Any CPU
		{426B3D0C-6FFD-4E4A-8ADD-E7C441F28B19}.Release|Any CPU.ActiveCfg = Release|Any CPU
		{426B3D0C-6FFD-4E4A-8ADD-E7C441F28B19}.Release|Any CPU.Build.0 = Release|Any CPU
	EndGlobalSection
	GlobalSection(SolutionProperties) = preSolution
		HideSolutionNode = FALSE
	EndGlobalSection
	GlobalSection(ExtensibilityGlobals) = postSolution
		SolutionGuid = {23453A58-C38E-436C-8A88-C6F82C702A85}
	EndGlobalSection
EndGlobal
